
Microsoft Visual Studio Solution File, Format Version 12.00
# Visual Studio 15
VisualStudioVersion = 15.0.26124.0
MinimumVisualStudioVersion = 15.0.26124.0
Project("{FAE04EC0-301F-11D3-BF4B-00C04F79EFBC}") = "Domain", "Domain\Domain.csproj", "{F6660821-1B96-45C6-9DB6-741526E8E2E2}"
EndProject
Project("{FAE04EC0-301F-11D3-BF4B-00C04F79EFBC}") = "Application", "Application\Application.csproj", "{E1FB8D26-CA79-406F-AE31-F7F497D8FD9B}"
EndProject
Project("{FAE04EC0-301F-11D3-BF4B-00C04F79EFBC}") = "API", "API\API.csproj", "{46FCE861-7CB2-4F83-8696-FD8250432A18}"
EndProject
Project("{FAE04EC0-301F-11D3-BF4B-00C04F79EFBC}") = "Persistence", "Persistence\Persistence.csproj", "{E3C63C55-6416-4B6C-8734-04A0FCA1C1A6}"
EndProject
Global
	GlobalSection(SolutionConfigurationPlatforms) = preSolution
		Debug|Any CPU = Debug|Any CPU
		Debug|x64 = Debug|x64
		Debug|x86 = Debug|x86
		Release|Any CPU = Release|Any CPU
		Release|x64 = Release|x64
		Release|x86 = Release|x86
	EndGlobalSection
	GlobalSection(SolutionProperties) = preSolution
		HideSolutionNode = FALSE
	EndGlobalSection
	GlobalSection(ProjectConfigurationPlatforms) = postSolution
		{F6660821-1B96-45C6-9DB6-741526E8E2E2}.Debug|Any CPU.ActiveCfg = Debug|Any CPU
		{F6660821-1B96-45C6-9DB6-741526E8E2E2}.Debug|Any CPU.Build.0 = Debug|Any CPU
		{F6660821-1B96-45C6-9DB6-741526E8E2E2}.Debug|x64.ActiveCfg = Debug|Any CPU
		{F6660821-1B96-45C6-9DB6-741526E8E2E2}.Debug|x64.Build.0 = Debug|Any CPU
		{F6660821-1B96-45C6-9DB6-741526E8E2E2}.Debug|x86.ActiveCfg = Debug|Any CPU
		{F6660821-1B96-45C6-9DB6-741526E8E2E2}.Debug|x86.Build.0 = Debug|Any CPU
		{F6660821-1B96-45C6-9DB6-741526E8E2E2}.Release|Any CPU.ActiveCfg = Release|Any CPU
		{F6660821-1B96-45C6-9DB6-741526E8E2E2}.Release|Any CPU.Build.0 = Release|Any CPU
		{F6660821-1B96-45C6-9DB6-741526E8E2E2}.Release|x64.ActiveCfg = Release|Any CPU
		{F6660821-1B96-45C6-9DB6-741526E8E2E2}.Release|x64.Build.0 = Release|Any CPU
		{F6660821-1B96-45C6-9DB6-741526E8E2E2}.Release|x86.ActiveCfg = Release|Any CPU
		{F6660821-1B96-45C6-9DB6-741526E8E2E2}.Release|x86.Build.0 = Release|Any CPU
		{E1FB8D26-CA79-406F-AE31-F7F497D8FD9B}.Debug|Any CPU.ActiveCfg = Debug|Any CPU
		{E1FB8D26-CA79-406F-AE31-F7F497D8FD9B}.Debug|Any CPU.Build.0 = Debug|Any CPU
		{E1FB8D26-CA79-406F-AE31-F7F497D8FD9B}.Debug|x64.ActiveCfg = Debug|Any CPU
		{E1FB8D26-CA79-406F-AE31-F7F497D8FD9B}.Debug|x64.Build.0 = Debug|Any CPU
		{E1FB8D26-CA79-406F-AE31-F7F497D8FD9B}.Debug|x86.ActiveCfg = Debug|Any CPU
		{E1FB8D26-CA79-406F-AE31-F7F497D8FD9B}.Debug|x86.Build.0 = Debug|Any CPU
		{E1FB8D26-CA79-406F-AE31-F7F497D8FD9B}.Release|Any CPU.ActiveCfg = Release|Any CPU
		{E1FB8D26-CA79-406F-AE31-F7F497D8FD9B}.Release|Any CPU.Build.0 = Release|Any CPU
		{E1FB8D26-CA79-406F-AE31-F7F497D8FD9B}.Release|x64.ActiveCfg = Release|Any CPU
		{E1FB8D26-CA79-406F-AE31-F7F497D8FD9B}.Release|x64.Build.0 = Release|Any CPU
		{E1FB8D26-CA79-406F-AE31-F7F497D8FD9B}.Release|x86.ActiveCfg = Release|Any CPU
		{E1FB8D26-CA79-406F-AE31-F7F497D8FD9B}.Release|x86.Build.0 = Release|Any CPU
		{AA1D2C6C-09F5-4423-BC1F-57AD78D928BE}.Debug|Any CPU.ActiveCfg = Debug|Any CPU
		{AA1D2C6C-09F5-4423-BC1F-57AD78D928BE}.Debug|Any CPU.Build.0 = Debug|Any CPU
		{AA1D2C6C-09F5-4423-BC1F-57AD78D928BE}.Debug|x64.ActiveCfg = Debug|Any CPU
		{AA1D2C6C-09F5-4423-BC1F-57AD78D928BE}.Debug|x64.Build.0 = Debug|Any CPU
		{AA1D2C6C-09F5-4423-BC1F-57AD78D928BE}.Debug|x86.ActiveCfg = Debug|Any CPU
		{AA1D2C6C-09F5-4423-BC1F-57AD78D928BE}.Debug|x86.Build.0 = Debug|Any CPU
		{AA1D2C6C-09F5-4423-BC1F-57AD78D928BE}.Release|Any CPU.ActiveCfg = Release|Any CPU
		{AA1D2C6C-09F5-4423-BC1F-57AD78D928BE}.Release|Any CPU.Build.0 = Release|Any CPU
		{AA1D2C6C-09F5-4423-BC1F-57AD78D928BE}.Release|x64.ActiveCfg = Release|Any CPU
		{AA1D2C6C-09F5-4423-BC1F-57AD78D928BE}.Release|x64.Build.0 = Release|Any CPU
		{AA1D2C6C-09F5-4423-BC1F-57AD78D928BE}.Release|x86.ActiveCfg = Release|Any CPU
		{AA1D2C6C-09F5-4423-BC1F-57AD78D928BE}.Release|x86.Build.0 = Release|Any CPU
		{46FCE861-7CB2-4F83-8696-FD8250432A18}.Debug|Any CPU.ActiveCfg = Debug|Any CPU
		{46FCE861-7CB2-4F83-8696-FD8250432A18}.Debug|Any CPU.Build.0 = Debug|Any CPU
		{46FCE861-7CB2-4F83-8696-FD8250432A18}.Debug|x64.ActiveCfg = Debug|Any CPU
		{46FCE861-7CB2-4F83-8696-FD8250432A18}.Debug|x64.Build.0 = Debug|Any CPU
		{46FCE861-7CB2-4F83-8696-FD8250432A18}.Debug|x86.ActiveCfg = Debug|Any CPU
		{46FCE861-7CB2-4F83-8696-FD8250432A18}.Debug|x86.Build.0 = Debug|Any CPU
		{46FCE861-7CB2-4F83-8696-FD8250432A18}.Release|Any CPU.ActiveCfg = Release|Any CPU
		{46FCE861-7CB2-4F83-8696-FD8250432A18}.Release|Any CPU.Build.0 = Release|Any CPU
		{46FCE861-7CB2-4F83-8696-FD8250432A18}.Release|x64.ActiveCfg = Release|Any CPU
		{46FCE861-7CB2-4F83-8696-FD8250432A18}.Release|x64.Build.0 = Release|Any CPU
		{46FCE861-7CB2-4F83-8696-FD8250432A18}.Release|x86.ActiveCfg = Release|Any CPU
		{46FCE861-7CB2-4F83-8696-FD8250432A18}.Release|x86.Build.0 = Release|Any CPU
		{E3C63C55-6416-4B6C-8734-04A0FCA1C1A6}.Debug|Any CPU.ActiveCfg = Debug|Any CPU
		{E3C63C55-6416-4B6C-8734-04A0FCA1C1A6}.Debug|Any CPU.Build.0 = Debug|Any CPU
		{E3C63C55-6416-4B6C-8734-04A0FCA1C1A6}.Debug|x64.ActiveCfg = Debug|Any CPU
		{E3C63C55-6416-4B6C-8734-04A0FCA1C1A6}.Debug|x64.Build.0 = Debug|Any CPU
		{E3C63C55-6416-4B6C-8734-04A0FCA1C1A6}.Debug|x86.ActiveCfg = Debug|Any CPU
		{E3C63C55-6416-4B6C-8734-04A0FCA1C1A6}.Debug|x86.Build.0 = Debug|Any CPU
		{E3C63C55-6416-4B6C-8734-04A0FCA1C1A6}.Release|Any CPU.ActiveCfg = Release|Any CPU
		{E3C63C55-6416-4B6C-8734-04A0FCA1C1A6}.Release|Any CPU.Build.0 = Release|Any CPU
		{E3C63C55-6416-4B6C-8734-04A0FCA1C1A6}.Release|x64.ActiveCfg = Release|Any CPU
		{E3C63C55-6416-4B6C-8734-04A0FCA1C1A6}.Release|x64.Build.0 = Release|Any CPU
		{E3C63C55-6416-4B6C-8734-04A0FCA1C1A6}.Release|x86.ActiveCfg = Release|Any CPU
		{E3C63C55-6416-4B6C-8734-04A0FCA1C1A6}.Release|x86.Build.0 = Release|Any CPU
	EndGlobalSection
EndGlobal
